<?xml version="1.0" encoding="utf-8"?>
<Project ToolsVersion="4.0" xmlns="http://schemas.microsoft.com/developer/msbuild/2003">
  <ItemGroup>
    <Filter Include="source">
      <UniqueIdentifier>{4FC737F1-C7A5-4376-A066-2A32D752A2FF}</UniqueIdentifier>
      <Extensions>cpp;c;cc;cxx;def;odl;idl;hpj;bat;asm;asmx</Extensions>
    </Filter>
  </ItemGroup>
  <ItemGroup>
    <ClCompile Include="1002.cc">
      <Filter>source</Filter>
    </ClCompile>
    <ClCompile Include="1060.cc">
      <Filter>source</Filter>
    </ClCompile>
    <ClCompile Include="main.cc">
      <Filter>source</Filter>
    </ClCompile>
    <ClCompile Include="1059.cc">
      <Filter>source</Filter>
    </ClCompile>
    <ClCompile Include="1093.cc">
      <Filter>source</Filter>
    </ClCompile>
    <ClCompile Include="3843.cc">
      <Filter>source</Filter>
    </ClCompile>
    <ClCompile Include="3842.cc">
      <Filter>source</Filter>
    </ClCompile>
    <ClCompile Include="3844.cc">
      <Filter>source</Filter>
    </ClCompile>
    <ClCompile Include="4054.cc">
      <Filter>source</Filter>
    </ClCompile>
    <ClCompile Include="1684.cc">
      <Filter>source</Filter>
    </ClCompile>
    <ClCompile Include="4001.cc">
      <Filter>source</Filter>
    </ClCompile>
  </ItemGroup>
</Project>